
Microsoft Visual Studio Solution File, Format Version 12.00
# Visual Studio Version 16
VisualStudioVersion = 16.0.30204.135
MinimumVisualStudioVersion = 10.0.40219.1
Project("{FAE04EC0-301F-11D3-BF4B-00C04F79EFBC}") = "Tic Tac Toe game", "Tic Tac Toe game\Tic Tac Toe game.csproj", "{50513699-2A64-43E9-B9ED-49C68E9C29AE}"
EndProject
Global
	GlobalSection(SolutionConfigurationPlatforms) = preSolution
		Debug|Any CPU = Debug|Any CPU
		Release|Any CPU = Release|Any CPU
	EndGlobalSection
	GlobalSection(ProjectConfigurationPlatforms) = postSolution
		{50513699-2A64-43E9-B9ED-49C68E9C29AE}.Debug|Any CPU.ActiveCfg = Debug|Any CPU
		{50513699-2A64-43E9-B9ED-49C68E9C29AE}.Debug|Any CPU.Build.0 = Debug|Any CPU
		{50513699-2A64-43E9-B9ED-49C68E9C29AE}.Release|Any CPU.ActiveCfg = Release|Any CPU
		{50513699-2A64-43E9-B9ED-49C68E9C29AE}.Release|Any CPU.Build.0 = Release|Any CPU
	EndGlobalSection
	GlobalSection(SolutionProperties) = preSolution
		HideSolutionNode = FALSE
	EndGlobalSection
	GlobalSection(ExtensibilityGlobals) = postSolution
		SolutionGuid = {7F045861-FED9-4384-9C82-885D290173DC}
	EndGlobalSection
EndGlobal
